
Microsoft Visual Studio Solution File, Format Version 12.00
# Visual Studio Version 16
VisualStudioVersion = 16.0.31624.102
MinimumVisualStudioVersion = 10.0.40219.1
Project("{FAE04EC0-301F-11D3-BF4B-00C04F79EFBC}") = "EmployeeMgtSystem", "EmployeeMgtSystem.csproj", "{8E451B11-9ABB-47F2-903A-8ABC46A45B82}"
EndProject
Global
	GlobalSection(SolutionConfigurationPlatforms) = preSolution
		Debug|Any CPU = Debug|Any CPU
		Release|Any CPU = Release|Any CPU
	EndGlobalSection
	GlobalSection(ProjectConfigurationPlatforms) = postSolution
		{8E451B11-9ABB-47F2-903A-8ABC46A45B82}.Debug|Any CPU.ActiveCfg = Debug|Any CPU
		{8E451B11-9ABB-47F2-903A-8ABC46A45B82}.Debug|Any CPU.Build.0 = Debug|Any CPU
		{8E451B11-9ABB-47F2-903A-8ABC46A45B82}.Release|Any CPU.ActiveCfg = Release|Any CPU
		{8E451B11-9ABB-47F2-903A-8ABC46A45B82}.Release|Any CPU.Build.0 = Release|Any CPU
	EndGlobalSection
	GlobalSection(SolutionProperties) = preSolution
		HideSolutionNode = FALSE
	EndGlobalSection
	GlobalSection(ExtensibilityGlobals) = postSolution
		SolutionGuid = {AB877B19-C985-47F2-8BAE-06D8C4AC5DEB}
	EndGlobalSection
EndGlobal
